Microsoft Visual Studio Solution File, Format Version 12.00
# Visual Studio Version 17
VisualStudioVersion = 17.0.32014.148
MinimumVisualStudioVersion = 10.0.40219.1
Project("{9A19103F-16F7-4668-BE54-9A1E7A4F7556}") = "NextAdminCommunity.Web", "NextAdminCommunity.Web\NextAdminCommunity.Web.csproj", "{F3ED2D1C-D0DA-4427-8584-8D9880800070}"
EndProject
Project("{9A19103F-16F7-4668-BE54-9A1E7A4F7556}") = "NextAdminCommunity.Windows", "NextAdminCommunity.Windows\NextAdminCommunity.Windows.csproj", "{B7CC7C96-DC45-4233-A09C-CBF98A5CC6AB}"
EndProject
Project("{9A19103F-16F7-4668-BE54-9A1E7A4F7556}") = "NextAdmin.Core", "NextAdmin.Core\NextAdmin.Core.csproj", "{8FB495D8-A33E-4EC5-A8BF-7FDE8FAE4542}"
EndProject
Project("{9A19103F-16F7-4668-BE54-9A1E7A4F7556}") = "NextAdmin.Core.Model", "NextAdmin.Core.Model\NextAdmin.Core.Model.csproj", "{C9DA4603-08D1-451E-B4AB-4A224748FC07}"
EndProject
Project("{9A19103F-16F7-4668-BE54-9A1E7A4F7556}") = "NextAdmin.Core.API", "NextAdmin.Core.API\NextAdmin.Core.API.csproj", "{52D9DEFF-0C0E-4A4B-BC8F-3E77510CACF6}"
EndProject
Project("{2150E333-8FDC-42A3-9474-1A3956D46DE8}") = "NextAdmin", "NextAdmin", "{B73C31DD-30BD-4216-9BED-A2E84F6ED9CD}"
EndProject
Global
	GlobalSection(SolutionConfigurationPlatforms) = preSolution
		Debug|Any CPU = Debug|Any CPU
		Release|Any CPU = Release|Any CPU
	EndGlobalSection
	GlobalSection(ProjectConfigurationPlatforms) = postSolution
		{F3ED2D1C-D0DA-4427-8584-8D9880800070}.Debug|Any CPU.ActiveCfg = Debug|Any CPU
		{F3ED2D1C-D0DA-4427-8584-8D9880800070}.Debug|Any CPU.Build.0 = Debug|Any CPU
		{F3ED2D1C-D0DA-4427-8584-8D9880800070}.Release|Any CPU.ActiveCfg = Release|Any CPU
		{F3ED2D1C-D0DA-4427-8584-8D9880800070}.Release|Any CPU.Build.0 = Release|Any CPU
		{B7CC7C96-DC45-4233-A09C-CBF98A5CC6AB}.Debug|Any CPU.ActiveCfg = Debug|Any CPU
		{B7CC7C96-DC45-4233-A09C-CBF98A5CC6AB}.Debug|Any CPU.Build.0 = Debug|Any CPU
		{B7CC7C96-DC45-4233-A09C-CBF98A5CC6AB}.Release|Any CPU.ActiveCfg = Release|Any CPU
		{B7CC7C96-DC45-4233-A09C-CBF98A5CC6AB}.Release|Any CPU.Build.0 = Release|Any CPU
		{8FB495D8-A33E-4EC5-A8BF-7FDE8FAE4542}.Debug|Any CPU.ActiveCfg = Debug|Any CPU
		{8FB495D8-A33E-4EC5-A8BF-7FDE8FAE4542}.Debug|Any CPU.Build.0 = Debug|Any CPU
		{8FB495D8-A33E-4EC5-A8BF-7FDE8FAE4542}.Release|Any CPU.ActiveCfg = Release|Any CPU
		{8FB495D8-A33E-4EC5-A8BF-7FDE8FAE4542}.Release|Any CPU.Build.0 = Release|Any CPU
		{C9DA4603-08D1-451E-B4AB-4A224748FC07}.Debug|Any CPU.ActiveCfg = Debug|Any CPU
		{C9DA4603-08D1-451E-B4AB-4A224748FC07}.Debug|Any CPU.Build.0 = Debug|Any CPU
		{C9DA4603-08D1-451E-B4AB-4A224748FC07}.Release|Any CPU.ActiveCfg = Release|Any CPU
		{C9DA4603-08D1-451E-B4AB-4A224748FC07}.Release|Any CPU.Build.0 = Release|Any CPU
		{52D9DEFF-0C0E-4A4B-BC8F-3E77510CACF6}.Debug|Any CPU.ActiveCfg = Debug|Any CPU
		{52D9DEFF-0C0E-4A4B-BC8F-3E77510CACF6}.Debug|Any CPU.Build.0 = Debug|Any CPU
		{52D9DEFF-0C0E-4A4B-BC8F-3E77510CACF6}.Release|Any CPU.ActiveCfg = Release|Any CPU
		{52D9DEFF-0C0E-4A4B-BC8F-3E77510CACF6}.Release|Any CPU.Build.0 = Release|Any CPU
	EndGlobalSection
	GlobalSection(SolutionProperties) = preSolution
		HideSolutionNode = FALSE
	EndGlobalSection
	GlobalSection(NestedProjects) = preSolution
		{8FB495D8-A33E-4EC5-A8BF-7FDE8FAE4542} = {B73C31DD-30BD-4216-9BED-A2E84F6ED9CD}
		{C9DA4603-08D1-451E-B4AB-4A224748FC07} = {B73C31DD-30BD-4216-9BED-A2E84F6ED9CD}
		{52D9DEFF-0C0E-4A4B-BC8F-3E77510CACF6} = {B73C31DD-30BD-4216-9BED-A2E84F6ED9CD}
	EndGlobalSection
	GlobalSection(ExtensibilityGlobals) = postSolution
		SolutionGuid = {CACA41FD-D203-4153-BD62-C70F263F6E6F}
	EndGlobalSection
EndGlobal
